// !$*UTF8*$!
{
	archiveVersion = 1;
	classes = {
	};
	objectVersion = 50;
	objects = {

/* Begin PBXBuildFile section */
		1E06F0B22127562200231B66 /* AppDelegate.swift in Sources */ = {isa = PBXBuildFile; fileRef = 1E06F0B12127562200231B66 /* AppDelegate.swift */; };
		1E06F0B42127562200231B66 /* ViewController.swift in Sources */ = {isa = PBXBuildFile; fileRef = 1E06F0B32127562200231B66 /* ViewController.swift */; };
		1E06F0B72127562200231B66 /* PokemonList.storyboard in Resources */ = {isa = PBXBuildFile; fileRef = 1E06F0B52127562200231B66 /* PokemonList.storyboard */; };
		1E06F0B92127562500231B66 /* Assets.xcassets in Resources */ = {isa = PBXBuildFile; fileRef = 1E06F0B82127562500231B66 /* Assets.xcassets */; };
		1E06F0BC2127562500231B66 /* LaunchScreen.storyboard in Resources */ = {isa = PBXBuildFile; fileRef = 1E06F0BA2127562500231B66 /* LaunchScreen.storyboard */; };
		1E06F0C72127562500231B66 /* PokemonTests.swift in Sources */ = {isa = PBXBuildFile; fileRef = 1E06F0C62127562500231B66 /* PokemonTests.swift */; };
		1E06F0D22127562500231B66 /* PokemonUITests.swift in Sources */ = {isa = PBXBuildFile; fileRef = 1E06F0D12127562500231B66 /* PokemonUITests.swift */; };
		1E2E2F0A2138CD730005C9E0 /* RepositoryLocator.swift in Sources */ = {isa = PBXBuildFile; fileRef = 1E2E2F092138CD730005C9E0 /* RepositoryLocator.swift */; };
		1E2E2F0C2138CDF60005C9E0 /* Extensions.swift in Sources */ = {isa = PBXBuildFile; fileRef = 1E2E2F0B2138CDF60005C9E0 /* Extensions.swift */; };
		1E2E2F0E2138CFC20005C9E0 /* Constants.swift in Sources */ = {isa = PBXBuildFile; fileRef = 1E2E2F0D2138CFC20005C9E0 /* Constants.swift */; };
		1E2E2F162138D03D0005C9E0 /* PokemonListPresenter.swift in Sources */ = {isa = PBXBuildFile; fileRef = 1E2E2F102138D03D0005C9E0 /* PokemonListPresenter.swift */; };
		1E2E2F172138D03D0005C9E0 /* PokemonListWorker.swift in Sources */ = {isa = PBXBuildFile; fileRef = 1E2E2F112138D03D0005C9E0 /* PokemonListWorker.swift */; };
		1E2E2F182138D03D0005C9E0 /* PokemonListRouter.swift in Sources */ = {isa = PBXBuildFile; fileRef = 1E2E2F122138D03D0005C9E0 /* PokemonListRouter.swift */; };
		1E2E2F192138D03D0005C9E0 /* PokemonListModels.swift in Sources */ = {isa = PBXBuildFile; fileRef = 1E2E2F132138D03D0005C9E0 /* PokemonListModels.swift */; };
		1E2E2F1A2138D03D0005C9E0 /* PokemonListViewController.swift in Sources */ = {isa = PBXBuildFile; fileRef = 1E2E2F142138D03D0005C9E0 /* PokemonListViewController.swift */; };
		1E2E2F1B2138D03D0005C9E0 /* PokemonListInteractor.swift in Sources */ = {isa = PBXBuildFile; fileRef = 1E2E2F152138D03D0005C9E0 /* PokemonListInteractor.swift */; };
		1E2E2F1D2138D9B70005C9E0 /* IPokemonRepository.swift in Sources */ = {isa = PBXBuildFile; fileRef = 1E2E2F1C2138D9B70005C9E0 /* IPokemonRepository.swift */; };
		1E2E2F1F2138E7680005C9E0 /* Colors.swift in Sources */ = {isa = PBXBuildFile; fileRef = 1E2E2F1E2138E7680005C9E0 /* Colors.swift */; };
		562769992140C2CC00A1C83B /* PokemonDetail.storyboard in Resources */ = {isa = PBXBuildFile; fileRef = 562769982140C2CC00A1C83B /* PokemonDetail.storyboard */; };
		5BF6E8EA60548BDC5B73EC0D /* Pods_Pokemon.framework in Frameworks */ = {isa = PBXBuildFile; fileRef = 33DA29429C611D1972728A27 /* Pods_Pokemon.framework */; };
		A17EF9BD707AC37C5820B357 /* Pods_PokemonUITests.framework in Frameworks */ = {isa = PBXBuildFile; fileRef = B711994BF6359EA7EAE28F23 /* Pods_PokemonUITests.framework */; };
		B38DF911A745131516E8DBF3 /* Pods_PokemonTests.framework in Frameworks */ = {isa = PBXBuildFile; fileRef = 9B3170A88831AAD573372513 /* Pods_PokemonTests.framework */; };
/* End PBXBuildFile section */

/* Begin PBXContainerItemProxy section */
		1E06F0C32127562500231B66 /* PBXContainerItemProxy */ = {
			isa = PBXContainerItemProxy;
			containerPortal = 1E06F0A62127562200231B66 /* Project object */;
			proxyType = 1;
			remoteGlobalIDString = 1E06F0AD2127562200231B66;
			remoteInfo = Pokemon;
		};
		1E06F0CE2127562500231B66 /* PBXContainerItemProxy */ = {
			isa = PBXContainerItemProxy;
			containerPortal = 1E06F0A62127562200231B66 /* Project object */;
			proxyType = 1;
			remoteGlobalIDString = 1E06F0AD2127562200231B66;
			remoteInfo = Pokemon;
		};
/* End PBXContainerItemProxy section */

/* Begin PBXFileReference section */
		03829A900CE44978AE75C994 /* Pods-PokemonUITests.debug.xcconfig */ = {isa = PBXFileReference; includeInIndex = 1; lastKnownFileType = text.xcconfig; name = "Pods-PokemonUITests.debug.xcconfig"; path = "Pods/Target Support Files/Pods-PokemonUITests/Pods-PokemonUITests.debug.xcconfig"; sourceTree = "<group>"; };
		1E06F0AE2127562200231B66 /* Pokemon.app */ = {isa = PBXFileReference; explicitFileType = wrapper.application; includeInIndex = 0; path = Pokemon.app; sourceTree = BUILT_PRODUCTS_DIR; };
		1E06F0B12127562200231B66 /* AppDelegate.swift */ = {isa = PBXFileReference; lastKnownFileType = sourcecode.swift; path = AppDelegate.swift; sourceTree = "<group>"; };
		1E06F0B32127562200231B66 /* ViewController.swift */ = {isa = PBXFileReference; lastKnownFileType = sourcecode.swift; path = ViewController.swift; sourceTree = "<group>"; };
		1E06F0B62127562200231B66 /* Base */ = {isa = PBXFileReference; lastKnownFileType = file.storyboard; name = Base; path = Base.lproj/PokemonList.storyboard; sourceTree = "<group>"; };
		1E06F0B82127562500231B66 /* Assets.xcassets */ = {isa = PBXFileReference; lastKnownFileType = folder.assetcatalog; path = Assets.xcassets; sourceTree = "<group>"; };
		1E06F0BB2127562500231B66 /* Base */ = {isa = PBXFileReference; lastKnownFileType = file.storyboard; name = Base; path = Base.lproj/LaunchScreen.storyboard; sourceTree = "<group>"; };
		1E06F0BD2127562500231B66 /* Info.plist */ = {isa = PBXFileReference; lastKnownFileType = text.plist.xml; path = Info.plist; sourceTree = "<group>"; };
		1E06F0C22127562500231B66 /* PokemonTests.xctest */ = {isa = PBXFileReference; explicitFileType = wrapper.cfbundle; includeInIndex = 0; path = PokemonTests.xctest; sourceTree = BUILT_PRODUCTS_DIR; };
		1E06F0C62127562500231B66 /* PokemonTests.swift */ = {isa = PBXFileReference; lastKnownFileType = sourcecode.swift; path = PokemonTests.swift; sourceTree = "<group>"; };
		1E06F0C82127562500231B66 /* Info.plist */ = {isa = PBXFileReference; lastKnownFileType = text.plist.xml; path = Info.plist; sourceTree = "<group>"; };
		1E06F0CD2127562500231B66 /* PokemonUITests.xctest */ = {isa = PBXFileReference; explicitFileType = wrapper.cfbundle; includeInIndex = 0; path = PokemonUITests.xctest; sourceTree = BUILT_PRODUCTS_DIR; };
		1E06F0D12127562500231B66 /* PokemonUITests.swift */ = {isa = PBXFileReference; lastKnownFileType = sourcecode.swift; path = PokemonUITests.swift; sourceTree = "<group>"; };
		1E06F0D32127562500231B66 /* Info.plist */ = {isa = PBXFileReference; lastKnownFileType = text.plist.xml; path = Info.plist; sourceTree = "<group>"; };
		1E2E2F092138CD730005C9E0 /* RepositoryLocator.swift */ = {isa = PBXFileReference; lastKnownFileType = sourcecode.swift; path = RepositoryLocator.swift; sourceTree = "<group>"; };
		1E2E2F0B2138CDF60005C9E0 /* Extensions.swift */ = {isa = PBXFileReference; lastKnownFileType = sourcecode.swift; path = Extensions.swift; sourceTree = "<group>"; };
		1E2E2F0D2138CFC20005C9E0 /* Constants.swift */ = {isa = PBXFileReference; lastKnownFileType = sourcecode.swift; path = Constants.swift; sourceTree = "<group>"; };
		1E2E2F102138D03D0005C9E0 /* PokemonListPresenter.swift */ = {isa = PBXFileReference; lastKnownFileType = sourcecode.swift; path = PokemonListPresenter.swift; sourceTree = "<group>"; };
		1E2E2F112138D03D0005C9E0 /* PokemonListWorker.swift */ = {isa = PBXFileReference; lastKnownFileType = sourcecode.swift; path = PokemonListWorker.swift; sourceTree = "<group>"; };
		1E2E2F122138D03D0005C9E0 /* PokemonListRouter.swift */ = {isa = PBXFileReference; lastKnownFileType = sourcecode.swift; path = PokemonListRouter.swift; sourceTree = "<group>"; };
		1E2E2F132138D03D0005C9E0 /* PokemonListModels.swift */ = {isa = PBXFileReference; lastKnownFileType = sourcecode.swift; path = PokemonListModels.swift; sourceTree = "<group>"; };
		1E2E2F142138D03D0005C9E0 /* PokemonListViewController.swift */ = {isa = PBXFileReference; lastKnownFileType = sourcecode.swift; path = PokemonListViewController.swift; sourceTree = "<group>"; };
		1E2E2F152138D03D0005C9E0 /* PokemonListInteractor.swift */ = {isa = PBXFileReference; lastKnownFileType = sourcecode.swift; path = PokemonListInteractor.swift; sourceTree = "<group>"; };
		1E2E2F1C2138D9B70005C9E0 /* IPokemonRepository.swift */ = {isa = PBXFileReference; lastKnownFileType = sourcecode.swift; path = IPokemonRepository.swift; sourceTree = "<group>"; };
		1E2E2F1E2138E7680005C9E0 /* Colors.swift */ = {isa = PBXFileReference; lastKnownFileType = sourcecode.swift; path = Colors.swift; sourceTree = "<group>"; };
		33DA29429C611D1972728A27 /* Pods_Pokemon.framework */ = {isa = PBXFileReference; explicitFileType = wrapper.framework; includeInIndex = 0; path = Pods_Pokemon.framework; sourceTree = BUILT_PRODUCTS_DIR; };
		4F1CDBCD4C7F9E86F660DA2E /* Pods-PokemonTests.debug.xcconfig */ = {isa = PBXFileReference; includeInIndex = 1; lastKnownFileType = text.xcconfig; name = "Pods-PokemonTests.debug.xcconfig"; path = "Pods/Target Support Files/Pods-PokemonTests/Pods-PokemonTests.debug.xcconfig"; sourceTree = "<group>"; };
		562769982140C2CC00A1C83B /* PokemonDetail.storyboard */ = {isa = PBXFileReference; lastKnownFileType = file.storyboard; name = PokemonDetail.storyboard; path = ../../../../BillSharing/BillSharing/Scenes/AddBill/PokemonDetail.storyboard; sourceTree = "<group>"; };
		85565712B5DD35048DF61321 /* Pods-PokemonUITests.release.xcconfig */ = {isa = PBXFileReference; includeInIndex = 1; lastKnownFileType = text.xcconfig; name = "Pods-PokemonUITests.release.xcconfig"; path = "Pods/Target Support Files/Pods-PokemonUITests/Pods-PokemonUITests.release.xcconfig"; sourceTree = "<group>"; };
		974514800F67BA8513FE0ED2 /* Pods-PokemonTests.release.xcconfig */ = {isa = PBXFileReference; includeInIndex = 1; lastKnownFileType = text.xcconfig; name = "Pods-PokemonTests.release.xcconfig"; path = "Pods/Target Support Files/Pods-PokemonTests/Pods-PokemonTests.release.xcconfig"; sourceTree = "<group>"; };
		9B3170A88831AAD573372513 /* Pods_PokemonTests.framework */ = {isa = PBXFileReference; explicitFileType = wrapper.framework; includeInIndex = 0; path = Pods_PokemonTests.framework; sourceTree = BUILT_PRODUCTS_DIR; };
		B711994BF6359EA7EAE28F23 /* Pods_PokemonUITests.framework */ = {isa = PBXFileReference; explicitFileType = wrapper.framework; includeInIndex = 0; path = Pods_PokemonUITests.framework; sourceTree = BUILT_PRODUCTS_DIR; };
		D29B39260192BBC68D535D31 /* Pods-Pokemon.debug.xcconfig */ = {isa = PBXFileReference; includeInIndex = 1; lastKnownFileType = text.xcconfig; name = "Pods-Pokemon.debug.xcconfig"; path = "Pods/Target Support Files/Pods-Pokemon/Pods-Pokemon.debug.xcconfig"; sourceTree = "<group>"; };
		F250D96808A1B906DEE48D05 /* Pods-Pokemon.release.xcconfig */ = {isa = PBXFileReference; includeInIndex = 1; lastKnownFileType = text.xcconfig; name = "Pods-Pokemon.release.xcconfig"; path = "Pods/Target Support Files/Pods-Pokemon/Pods-Pokemon.release.xcconfig"; sourceTree = "<group>"; };
/* End PBXFileReference section */

/* Begin PBXFrameworksBuildPhase section */
		1E06F0AB2127562200231B66 /* Frameworks */ = {
			isa = PBXFrameworksBuildPhase;
			buildActionMask = 2147483647;
			files = (
				5BF6E8EA60548BDC5B73EC0D /* Pods_Pokemon.framework in Frameworks */,
			);
			runOnlyForDeploymentPostprocessing = 0;
		};
		1E06F0BF2127562500231B66 /* Frameworks */ = {
			isa = PBXFrameworksBuildPhase;
			buildActionMask = 2147483647;
			files = (
				B38DF911A745131516E8DBF3 /* Pods_PokemonTests.framework in Frameworks */,
			);
			runOnlyForDeploymentPostprocessing = 0;
		};
		1E06F0CA2127562500231B66 /* Frameworks */ = {
			isa = PBXFrameworksBuildPhase;
			buildActionMask = 2147483647;
			files = (
				A17EF9BD707AC37C5820B357 /* Pods_PokemonUITests.framework in Frameworks */,
			);
			runOnlyForDeploymentPostprocessing = 0;
		};
/* End PBXFrameworksBuildPhase section */

/* Begin PBXGroup section */
		15D9BC06185EA0ACD59A78F8 /* Pods */ = {
			isa = PBXGroup;
			children = (
				D29B39260192BBC68D535D31 /* Pods-Pokemon.debug.xcconfig */,
				F250D96808A1B906DEE48D05 /* Pods-Pokemon.release.xcconfig */,
				4F1CDBCD4C7F9E86F660DA2E /* Pods-PokemonTests.debug.xcconfig */,
				974514800F67BA8513FE0ED2 /* Pods-PokemonTests.release.xcconfig */,
				03829A900CE44978AE75C994 /* Pods-PokemonUITests.debug.xcconfig */,
				85565712B5DD35048DF61321 /* Pods-PokemonUITests.release.xcconfig */,
			);
			name = Pods;
			sourceTree = "<group>";
		};
		1E06F0A52127562200231B66 = {
			isa = PBXGroup;
			children = (
				1E06F0B02127562200231B66 /* Pokemon */,
				1E06F0C52127562500231B66 /* PokemonTests */,
				1E06F0D02127562500231B66 /* PokemonUITests */,
				1E06F0AF2127562200231B66 /* Products */,
				15D9BC06185EA0ACD59A78F8 /* Pods */,
				E7DFB7057E7BF7638A4F9FE3 /* Frameworks */,
			);
			sourceTree = "<group>";
		};
		1E06F0AF2127562200231B66 /* Products */ = {
			isa = PBXGroup;
			children = (
				1E06F0AE2127562200231B66 /* Pokemon.app */,
				1E06F0C22127562500231B66 /* PokemonTests.xctest */,
				1E06F0CD2127562500231B66 /* PokemonUITests.xctest */,
			);
			name = Products;
			sourceTree = "<group>";
		};
		1E06F0B02127562200231B66 /* Pokemon */ = {
			isa = PBXGroup;
			children = (
				1E2E2F052138CD1F0005C9E0 /* Utils */,
				1E2E2F042138CD190005C9E0 /* Scenes */,
				1E2E2F032138CD110005C9E0 /* Resources */,
				1E2E2F012138CD030005C9E0 /* Core */,
				1E06F0B12127562200231B66 /* AppDelegate.swift */,
				1E06F0B32127562200231B66 /* ViewController.swift */,
				1E06F0B82127562500231B66 /* Assets.xcassets */,
				1E06F0BA2127562500231B66 /* LaunchScreen.storyboard */,
				1E06F0BD2127562500231B66 /* Info.plist */,
			);
			path = Pokemon;
			sourceTree = "<group>";
		};
		1E06F0C52127562500231B66 /* PokemonTests */ = {
			isa = PBXGroup;
			children = (
				1E06F0C62127562500231B66 /* PokemonTests.swift */,
				1E06F0C82127562500231B66 /* Info.plist */,
			);
			path = PokemonTests;
			sourceTree = "<group>";
		};
		1E06F0D02127562500231B66 /* PokemonUITests */ = {
			isa = PBXGroup;
			children = (
				1E06F0D12127562500231B66 /* PokemonUITests.swift */,
				1E06F0D32127562500231B66 /* Info.plist */,
			);
			path = PokemonUITests;
			sourceTree = "<group>";
		};
		1E2E2F012138CD030005C9E0 /* Core */ = {
			isa = PBXGroup;
			children = (
				1E2E2F022138CD090005C9E0 /* Repositories */,
			);
			path = Core;
			sourceTree = "<group>";
		};
		1E2E2F022138CD090005C9E0 /* Repositories */ = {
			isa = PBXGroup;
			children = (
				1E2E2F082138CD4F0005C9E0 /* Protocols */,
				1E2E2F072138CD480005C9E0 /* Tests */,
				1E2E2F062138CD3B0005C9E0 /* Production */,
				1E2E2F092138CD730005C9E0 /* RepositoryLocator.swift */,
			);
			path = Repositories;
			sourceTree = "<group>";
		};
		1E2E2F032138CD110005C9E0 /* Resources */ = {
			isa = PBXGroup;
			children = (
				1E2E2F0D2138CFC20005C9E0 /* Constants.swift */,
			);
			path = Resources;
			sourceTree = "<group>";
		};
		1E2E2F042138CD190005C9E0 /* Scenes */ = {
			isa = PBXGroup;
			children = (
				1EC2DEB8213B0E1900C27FBD /* PokemonDetail */,
				1E2E2F0F2138D0250005C9E0 /* PokemonList */,
			);
			path = Scenes;
			sourceTree = "<group>";
		};
		1E2E2F052138CD1F0005C9E0 /* Utils */ = {
			isa = PBXGroup;
			children = (
				1E2E2F0B2138CDF60005C9E0 /* Extensions.swift */,
				1E2E2F1E2138E7680005C9E0 /* Colors.swift */,
			);
			path = Utils;
			sourceTree = "<group>";
		};
		1E2E2F062138CD3B0005C9E0 /* Production */ = {
			isa = PBXGroup;
			children = (
			);
			path = Production;
			sourceTree = "<group>";
		};
		1E2E2F072138CD480005C9E0 /* Tests */ = {
			isa = PBXGroup;
			children = (
			);
			path = Tests;
			sourceTree = "<group>";
		};
		1E2E2F082138CD4F0005C9E0 /* Protocols */ = {
			isa = PBXGroup;
			children = (
				1E2E2F1C2138D9B70005C9E0 /* IPokemonRepository.swift */,
			);
			path = Protocols;
			sourceTree = "<group>";
		};
		1E2E2F0F2138D0250005C9E0 /* PokemonList */ = {
			isa = PBXGroup;
			children = (
				1E06F0B52127562200231B66 /* PokemonList.storyboard */,
				1E2E2F102138D03D0005C9E0 /* PokemonListPresenter.swift */,
				1E2E2F112138D03D0005C9E0 /* PokemonListWorker.swift */,
				1E2E2F122138D03D0005C9E0 /* PokemonListRouter.swift */,
				1E2E2F132138D03D0005C9E0 /* PokemonListModels.swift */,
				1E2E2F142138D03D0005C9E0 /* PokemonListViewController.swift */,
				1E2E2F152138D03D0005C9E0 /* PokemonListInteractor.swift */,
			);
			path = PokemonList;
			sourceTree = "<group>";
		};
		1EC2DEB8213B0E1900C27FBD /* PokemonDetail */ = {
			isa = PBXGroup;
			children = (
				562769982140C2CC00A1C83B /* PokemonDetail.storyboard */,
			);
			path = PokemonDetail;
			sourceTree = "<group>";
		};
		E7DFB7057E7BF7638A4F9FE3 /* Frameworks */ = {
			isa = PBXGroup;
			children = (
				33DA29429C611D1972728A27 /* Pods_Pokemon.framework */,
				9B3170A88831AAD573372513 /* Pods_PokemonTests.framework */,
				B711994BF6359EA7EAE28F23 /* Pods_PokemonUITests.framework */,
			);
			name = Frameworks;
			sourceTree = "<group>";
		};
/* End PBXGroup section */

/* Begin PBXNativeTarget section */
		1E06F0AD2127562200231B66 /* Pokemon */ = {
			isa = PBXNativeTarget;
			buildConfigurationList = 1E06F0D62127562500231B66 /* Build configuration list for PBXNativeTarget "Pokemon" */;
			buildPhases = (
				B7CA8FCE179786E2450D8108 /* [CP] Check Pods Manifest.lock */,
				1E06F0AA2127562200231B66 /* Sources */,
				1E06F0AB2127562200231B66 /* Frameworks */,
				1E06F0AC2127562200231B66 /* Resources */,
				B5789FEFAAEA291B3752EBCC /* [CP] Embed Pods Frameworks */,
			);
			buildRules = (
			);
			dependencies = (
			);
			name = Pokemon;
			productName = Pokemon;
			productReference = 1E06F0AE2127562200231B66 /* Pokemon.app */;
			productType = "com.apple.product-type.application";
		};
		1E06F0C12127562500231B66 /* PokemonTests */ = {
			isa = PBXNativeTarget;
			buildConfigurationList = 1E06F0D92127562500231B66 /* Build configuration list for PBXNativeTarget "PokemonTests" */;
			buildPhases = (
				3ACD4FEADC64C2F231680BA2 /* [CP] Check Pods Manifest.lock */,
				1E06F0BE2127562500231B66 /* Sources */,
				1E06F0BF2127562500231B66 /* Frameworks */,
				1E06F0C02127562500231B66 /* Resources */,
			);
			buildRules = (
			);
			dependencies = (
				1E06F0C42127562500231B66 /* PBXTargetDependency */,
			);
			name = PokemonTests;
			productName = PokemonTests;
			productReference = 1E06F0C22127562500231B66 /* PokemonTests.xctest */;
			productType = "com.apple.product-type.bundle.unit-test";
		};
		1E06F0CC2127562500231B66 /* PokemonUITests */ = {
			isa = PBXNativeTarget;
			buildConfigurationList = 1E06F0DC2127562500231B66 /* Build configuration list for PBXNativeTarget "PokemonUITests" */;
			buildPhases = (
				99AC72EA858640E1FBD5CBC0 /* [CP] Check Pods Manifest.lock */,
				1E06F0C92127562500231B66 /* Sources */,
				1E06F0CA2127562500231B66 /* Frameworks */,
				1E06F0CB2127562500231B66 /* Resources */,
			);
			buildRules = (
			);
			dependencies = (
				1E06F0CF2127562500231B66 /* PBXTargetDependency */,
			);
			name = PokemonUITests;
			productName = PokemonUITests;
			productReference = 1E06F0CD2127562500231B66 /* PokemonUITests.xctest */;
			productType = "com.apple.product-type.bundle.ui-testing";
		};
/* End PBXNativeTarget section */

/* Begin PBXProject section */
		1E06F0A62127562200231B66 /* Project object */ = {
			isa = PBXProject;
			attributes = {
				LastSwiftUpdateCheck = 0940;
				LastUpgradeCheck = 0940;
				ORGANIZATIONNAME = juliana.loaiza;
				TargetAttributes = {
					1E06F0AD2127562200231B66 = {
						CreatedOnToolsVersion = 9.4.1;
					};
					1E06F0C12127562500231B66 = {
						CreatedOnToolsVersion = 9.4.1;
						TestTargetID = 1E06F0AD2127562200231B66;
					};
					1E06F0CC2127562500231B66 = {
						CreatedOnToolsVersion = 9.4.1;
						TestTargetID = 1E06F0AD2127562200231B66;
					};
				};
			};
			buildConfigurationList = 1E06F0A92127562200231B66 /* Build configuration list for PBXProject "Pokemon" */;
			compatibilityVersion = "Xcode 9.3";
			developmentRegion = en;
			hasScannedForEncodings = 0;
			knownRegions = (
				en,
				Base,
			);
			mainGroup = 1E06F0A52127562200231B66;
			productRefGroup = 1E06F0AF2127562200231B66 /* Products */;
			projectDirPath = "";
			projectRoot = "";
			targets = (
				1E06F0AD2127562200231B66 /* Pokemon */,
				1E06F0C12127562500231B66 /* PokemonTests */,
				1E06F0CC2127562500231B66 /* PokemonUITests */,
			);
		};
/* End PBXProject section */

/* Begin PBXResourcesBuildPhase section */
		1E06F0AC2127562200231B66 /* Resources */ = {
			isa = PBXResourcesBuildPhase;
			buildActionMask = 2147483647;
			files = (
				1E06F0BC2127562500231B66 /* LaunchScreen.storyboard in Resources */,
				1E06F0B92127562500231B66 /* Assets.xcassets in Resources */,
				1E06F0B72127562200231B66 /* PokemonList.storyboard in Resources */,
				562769992140C2CC00A1C83B /* PokemonDetail.storyboard in Resources */,
			);
			runOnlyForDeploymentPostprocessing = 0;
		};
		1E06F0C02127562500231B66 /* Resources */ = {
			isa = PBXResourcesBuildPhase;
			buildActionMask = 2147483647;
			files = (
			);
			runOnlyForDeploymentPostprocessing = 0;
		};
		1E06F0CB2127562500231B66 /* Resources */ = {
			isa = PBXResourcesBuildPhase;
			buildActionMask = 2147483647;
			files = (
			);
			runOnlyForDeploymentPostprocessing = 0;
		};
/* End PBXResourcesBuildPhase section */

/* Begin PBXShellScriptBuildPhase section */
		3ACD4FEADC64C2F231680BA2 /* [CP] Check Pods Manifest.lock */ = {
			isa = PBXShellScriptBuildPhase;
			buildActionMask = 2147483647;
			files = (
			);
			inputPaths = (
				"${PODS_PODFILE_DIR_PATH}/Podfile.lock",
				"${PODS_ROOT}/Manifest.lock",
			);
			name = "[CP] Check Pods Manifest.lock";
			outputPaths = (
				"$(DERIVED_FILE_DIR)/Pods-PokemonTests-checkManifestLockResult.txt",
			);
			runOnlyForDeploymentPostprocessing = 0;
			shellPath = /bin/sh;
			shellScript = "diff \"${PODS_PODFILE_DIR_PATH}/Podfile.lock\" \"${PODS_ROOT}/Manifest.lock\" > /dev/null\nif [ $? != 0 ] ; then\n    # print error to STDERR\n    echo \"error: The sandbox is not in sync with the Podfile.lock. Run 'pod install' or update your CocoaPods installation.\" >&2\n    exit 1\nfi\n# This output is used by Xcode 'outputs' to avoid re-running this script phase.\necho \"SUCCESS\" > \"${SCRIPT_OUTPUT_FILE_0}\"\n";
			showEnvVarsInLog = 0;
		};
		99AC72EA858640E1FBD5CBC0 /* [CP] Check Pods Manifest.lock */ = {
			isa = PBXShellScriptBuildPhase;
			buildActionMask = 2147483647;
			files = (
			);
			inputPaths = (
				"${PODS_PODFILE_DIR_PATH}/Podfile.lock",
				"${PODS_ROOT}/Manifest.lock",
			);
			name = "[CP] Check Pods Manifest.lock";
			outputPaths = (
				"$(DERIVED_FILE_DIR)/Pods-PokemonUITests-checkManifestLockResult.txt",
			);
			runOnlyForDeploymentPostprocessing = 0;
			shellPath = /bin/sh;
			shellScript = "diff \"${PODS_PODFILE_DIR_PATH}/Podfile.lock\" \"${PODS_ROOT}/Manifest.lock\" > /dev/null\nif [ $? != 0 ] ; then\n    # print error to STDERR\n    echo \"error: The sandbox is not in sync with the Podfile.lock. Run 'pod install' or update your CocoaPods installation.\" >&2\n    exit 1\nfi\n# This output is used by Xcode 'outputs' to avoid re-running this script phase.\necho \"SUCCESS\" > \"${SCRIPT_OUTPUT_FILE_0}\"\n";
			showEnvVarsInLog = 0;
		};
		B5789FEFAAEA291B3752EBCC /* [CP] Embed Pods Frameworks */ = {
			isa = PBXShellScriptBuildPhase;
			buildActionMask = 2147483647;
			files = (
			);
			inputPaths = (
				"${SRCROOT}/Pods/Target Support Files/Pods-Pokemon/Pods-Pokemon-frameworks.sh",
				"${BUILT_PRODUCTS_DIR}/Alamofire/Alamofire.framework",
				"${BUILT_PRODUCTS_DIR}/ObjectMapper/ObjectMapper.framework",
			);
			name = "[CP] Embed Pods Frameworks";
			outputPaths = (
				"${TARGET_BUILD_DIR}/${FRAMEWORKS_FOLDER_PATH}/Alamofire.framework",
				"${TARGET_BUILD_DIR}/${FRAMEWORKS_FOLDER_PATH}/ObjectMapper.framework",
			);
			runOnlyForDeploymentPostprocessing = 0;
			shellPath = /bin/sh;
			shellScript = "\"${SRCROOT}/Pods/Target Support Files/Pods-Pokemon/Pods-Pokemon-frameworks.sh\"\n";
			showEnvVarsInLog = 0;
		};
		B7CA8FCE179786E2450D8108 /* [CP] Check Pods Manifest.lock */ = {
			isa = PBXShellScriptBuildPhase;
			buildActionMask = 2147483647;
			files = (
			);
			inputPaths = (
				"${PODS_PODFILE_DIR_PATH}/Podfile.lock",
				"${PODS_ROOT}/Manifest.lock",
			);
			name = "[CP] Check Pods Manifest.lock";
			outputPaths = (
				"$(DERIVED_FILE_DIR)/Pods-Pokemon-checkManifestLockResult.txt",
			);
			runOnlyForDeploymentPostprocessing = 0;
			shellPath = /bin/sh;
			shellScript = "diff \"${PODS_PODFILE_DIR_PATH}/Podfile.lock\" \"${PODS_ROOT}/Manifest.lock\" > /dev/null\nif [ $? != 0 ] ; then\n    # print error to STDERR\n    echo \"error: The sandbox is not in sync with the Podfile.lock. Run 'pod install' or update your CocoaPods installation.\" >&2\n    exit 1\nfi\n# This output is used by Xcode 'outputs' to avoid re-running this script phase.\necho \"SUCCESS\" > \"${SCRIPT_OUTPUT_FILE_0}\"\n";
			showEnvVarsInLog = 0;
		};
/* End PBXShellScriptBuildPhase section */

/* Begin PBXSourcesBuildPhase section */
		1E06F0AA2127562200231B66 /* Sources */ = {
			isa = PBXSourcesBuildPhase;
			buildActionMask = 2147483647;
			files = (
				1E2E2F182138D03D0005C9E0 /* PokemonListRouter.swift in Sources */,
				1E2E2F162138D03D0005C9E0 /* PokemonListPresenter.swift in Sources */,
				1E2E2F0E2138CFC20005C9E0 /* Constants.swift in Sources */,
				1E06F0B42127562200231B66 /* ViewController.swift in Sources */,
				1E06F0B22127562200231B66 /* AppDelegate.swift in Sources */,
				1E2E2F172138D03D0005C9E0 /* PokemonListWorker.swift in Sources */,
				1E2E2F0A2138CD730005C9E0 /* RepositoryLocator.swift in Sources */,
				1E2E2F1D2138D9B70005C9E0 /* IPokemonRepository.swift in Sources */,
				1E2E2F1F2138E7680005C9E0 /* Colors.swift in Sources */,
				1E2E2F0C2138CDF60005C9E0 /* Extensions.swift in Sources */,
				1E2E2F1A2138D03D0005C9E0 /* PokemonListViewController.swift in Sources */,
				1E2E2F192138D03D0005C9E0 /* PokemonListModels.swift in Sources */,
				1E2E2F1B2138D03D0005C9E0 /* PokemonListInteractor.swift in Sources */,
			);
			runOnlyForDeploymentPostprocessing = 0;
		};
		1E06F0BE2127562500231B66 /* Sources */ = {
			isa = PBXSourcesBuildPhase;
			buildActionMask = 2147483647;
			files = (
				1E06F0C72127562500231B66 /* PokemonTests.swift in Sources */,
			);
			runOnlyForDeploymentPostprocessing = 0;
		};
		1E06F0C92127562500231B66 /* Sources */ = {
			isa = PBXSourcesBuildPhase;
			buildActionMask = 2147483647;
			files = (
				1E06F0D22127562500231B66 /* PokemonUITests.swift in Sources */,
			);
			runOnlyForDeploymentPostprocessing = 0;
		};
/* End PBXSourcesBuildPhase section */

/* Begin PBXTargetDependency section */
		1E06F0C42127562500231B66 /* PBXTargetDependency */ = {
			isa = PBXTargetDependency;
			target = 1E06F0AD2127562200231B66 /* Pokemon */;
			targetProxy = 1E06F0C32127562500231B66 /* PBXContainerItemProxy */;
		};
		1E06F0CF2127562500231B66 /* PBXTargetDependency */ = {
			isa = PBXTargetDependency;
			target = 1E06F0AD2127562200231B66 /* Pokemon */;
			targetProxy = 1E06F0CE2127562500231B66 /* PBXContainerItemProxy */;
		};
/* End PBXTargetDependency section */

/* Begin PBXVariantGroup section */
		1E06F0B52127562200231B66 /* PokemonList.storyboard */ = {
			isa = PBXVariantGroup;
			children = (
				1E06F0B62127562200231B66 /* Base */,
			);
			name = PokemonList.storyboard;
			sourceTree = "<group>";
		};
		1E06F0BA2127562500231B66 /* LaunchScreen.storyboard */ = {
			isa = PBXVariantGroup;
			children = (
				1E06F0BB2127562500231B66 /* Base */,
			);
			name = LaunchScreen.storyboard;
			sourceTree = "<group>";
		};
/* End PBXVariantGroup section */

/* Begin XCBuildConfiguration section */
		1E06F0D42127562500231B66 /* Debug */ = {
			isa = XCBuildConfiguration;
			buildSettings = {
				ALWAYS_SEARCH_USER_PATHS = NO;
				CLANG_ANALYZER_NONNULL = YES;
				CLANG_ANALYZER_NUMBER_OBJECT_CONVERSION = YES_AGGRESSIVE;
				CLANG_CXX_LANGUAGE_STANDARD = "gnu++14";
				CLANG_CXX_LIBRARY = "libc++";
				CLANG_ENABLE_MODULES = YES;
				CLANG_ENABLE_OBJC_ARC = YES;
				CLANG_ENABLE_OBJC_WEAK = YES;
				CLANG_WARN_BLOCK_CAPTURE_AUTORELEASING = YES;
				CLANG_WARN_BOOL_CONVERSION = YES;
				CLANG_WARN_COMMA = YES;
				CLANG_WARN_CONSTANT_CONVERSION = YES;
				CLANG_WARN_DEPRECATED_OBJC_IMPLEMENTATIONS = YES;
				CLANG_WARN_DIRECT_OBJC_ISA_USAGE = YES_ERROR;
				CLANG_WARN_DOCUMENTATION_COMMENTS = YES;
				CLANG_WARN_EMPTY_BODY = YES;
				CLANG_WARN_ENUM_CONVERSION = YES;
				CLANG_WARN_INFINITE_RECURSION = YES;
				CLANG_WARN_INT_CONVERSION = YES;
				CLANG_WARN_NON_LITERAL_NULL_CONVERSION = YES;
				CLANG_WARN_OBJC_IMPLICIT_RETAIN_SELF = YES;
				CLANG_WARN_OBJC_LITERAL_CONVERSION = YES;
				CLANG_WARN_OBJC_ROOT_CLASS = YES_ERROR;
				CLANG_WARN_RANGE_LOOP_ANALYSIS = YES;
				CLANG_WARN_STRICT_PROTOTYPES = YES;
				CLANG_WARN_SUSPICIOUS_MOVE = YES;
				CLANG_WARN_UNGUARDED_AVAILABILITY = YES_AGGRESSIVE;
				CLANG_WARN_UNREACHABLE_CODE = YES;
				CLANG_WARN__DUPLICATE_METHOD_MATCH = YES;
				CODE_SIGN_IDENTITY = "iPhone Developer";
				COPY_PHASE_STRIP = NO;
				DEBUG_INFORMATION_FORMAT = dwarf;
				ENABLE_STRICT_OBJC_MSGSEND = YES;
				ENABLE_TESTABILITY = YES;
				GCC_C_LANGUAGE_STANDARD = gnu11;
				GCC_DYNAMIC_NO_PIC = NO;
				GCC_NO_COMMON_BLOCKS = YES;
				GCC_OPTIMIZATION_LEVEL = 0;
				GCC_PREPROCESSOR_DEFINITIONS = (
					"DEBUG=1",
					"$(inherited)",
				);
				GCC_WARN_64_TO_32_BIT_CONVERSION = YES;
				GCC_WARN_ABOUT_RETURN_TYPE = YES_ERROR;
				GCC_WARN_UNDECLARED_SELECTOR = YES;
				GCC_WARN_UNINITIALIZED_AUTOS = YES_AGGRESSIVE;
				GCC_WARN_UNUSED_FUNCTION = YES;
				GCC_WARN_UNUSED_VARIABLE = YES;
				IPHONEOS_DEPLOYMENT_TARGET = 11.4;
				MTL_ENABLE_DEBUG_INFO = YES;
				ONLY_ACTIVE_ARCH = YES;
				SDKROOT = iphoneos;
				SWIFT_ACTIVE_COMPILATION_CONDITIONS = DEBUG;
				SWIFT_OPTIMIZATION_LEVEL = "-Onone";
			};
			name = Debug;
		};
		1E06F0D52127562500231B66 /* Release */ = {
			isa = XCBuildConfiguration;
			buildSettings = {
				ALWAYS_SEARCH_USER_PATHS = NO;
				CLANG_ANALYZER_NONNULL = YES;
				CLANG_ANALYZER_NUMBER_OBJECT_CONVERSION = YES_AGGRESSIVE;
				CLANG_CXX_LANGUAGE_STANDARD = "gnu++14";
				CLANG_CXX_LIBRARY = "libc++";
				CLANG_ENABLE_MODULES = YES;
				CLANG_ENABLE_OBJC_ARC = YES;
				CLANG_ENABLE_OBJC_WEAK = YES;
				CLANG_WARN_BLOCK_CAPTURE_AUTORELEASING = YES;
				CLANG_WARN_BOOL_CONVERSION = YES;
				CLANG_WARN_COMMA = YES;
				CLANG_WARN_CONSTANT_CONVERSION = YES;
				CLANG_WARN_DEPRECATED_OBJC_IMPLEMENTATIONS = YES;
				CLANG_WARN_DIRECT_OBJC_ISA_USAGE = YES_ERROR;
				CLANG_WARN_DOCUMENTATION_COMMENTS = YES;
				CLANG_WARN_EMPTY_BODY = YES;
				CLANG_WARN_ENUM_CONVERSION = YES;
				CLANG_WARN_INFINITE_RECURSION = YES;
				CLANG_WARN_INT_CONVERSION = YES;
				CLANG_WARN_NON_LITERAL_NULL_CONVERSION = YES;
				CLANG_WARN_OBJC_IMPLICIT_RETAIN_SELF = YES;
				CLANG_WARN_OBJC_LITERAL_CONVERSION = YES;
				CLANG_WARN_OBJC_ROOT_CLASS = YES_ERROR;
				CLANG_WARN_RANGE_LOOP_ANALYSIS = YES;
				CLANG_WARN_STRICT_PROTOTYPES = YES;
				CLANG_WARN_SUSPICIOUS_MOVE = YES;
				CLANG_WARN_UNGUARDED_AVAILABILITY = YES_AGGRESSIVE;
				CLANG_WARN_UNREACHABLE_CODE = YES;
				CLANG_WARN__DUPLICATE_METHOD_MATCH = YES;
				CODE_SIGN_IDENTITY = "iPhone Developer";
				COPY_PHASE_STRIP = NO;
				DEBUG_INFORMATION_FORMAT = "dwarf-with-dsym";
				ENABLE_NS_ASSERTIONS = NO;
				ENABLE_STRICT_OBJC_MSGSEND = YES;
				GCC_C_LANGUAGE_STANDARD = gnu11;
				GCC_NO_COMMON_BLOCKS = YES;
				GCC_WARN_64_TO_32_BIT_CONVERSION = YES;
				GCC_WARN_ABOUT_RETURN_TYPE = YES_ERROR;
				GCC_WARN_UNDECLARED_SELECTOR = YES;
				GCC_WARN_UNINITIALIZED_AUTOS = YES_AGGRESSIVE;
				GCC_WARN_UNUSED_FUNCTION = YES;
				GCC_WARN_UNUSED_VARIABLE = YES;
				IPHONEOS_DEPLOYMENT_TARGET = 11.4;
				MTL_ENABLE_DEBUG_INFO = NO;
				SDKROOT = iphoneos;
				SWIFT_COMPILATION_MODE = wholemodule;
				SWIFT_OPTIMIZATION_LEVEL = "-O";
				VALIDATE_PRODUCT = YES;
			};
			name = Release;
		};
		1E06F0D72127562500231B66 /* Debug */ = {
			isa = XCBuildConfiguration;
			baseConfigurationReference = D29B39260192BBC68D535D31 /* Pods-Pokemon.debug.xcconfig */;
			buildSettings = {
				ASSETCATALOG_COMPILER_APPICON_NAME = AppIcon;
				CODE_SIGN_STYLE = Automatic;
				INFOPLIST_FILE = Pokemon/Info.plist;
				LD_RUNPATH_SEARCH_PATHS = "$(inherited) @executable_path/Frameworks";
				PRODUCT_BUNDLE_IDENTIFIER = com.Koto.Pokemon;
				PRODUCT_NAME = "$(TARGET_NAME)";
				SWIFT_VERSION = 4.0;
				TARGETED_DEVICE_FAMILY = "1,2";
			};
			name = Debug;
		};
		1E06F0D82127562500231B66 /* Release */ = {
			isa = XCBuildConfiguration;
			baseConfigurationReference = F250D96808A1B906DEE48D05 /* Pods-Pokemon.release.xcconfig */;
			buildSettings = {
				ASSETCATALOG_COMPILER_APPICON_NAME = AppIcon;
				CODE_SIGN_STYLE = Automatic;
				INFOPLIST_FILE = Pokemon/Info.plist;
				LD_RUNPATH_SEARCH_PATHS = "$(inherited) @executable_path/Frameworks";
				PRODUCT_BUNDLE_IDENTIFIER = com.Koto.Pokemon;
				PRODUCT_NAME = "$(TARGET_NAME)";
				SWIFT_VERSION = 4.0;
				TARGETED_DEVICE_FAMILY = "1,2";
			};
			name = Release;
		};
		1E06F0DA2127562500231B66 /* Debug */ = {
			isa = XCBuildConfiguration;
			baseConfigurationReference = 4F1CDBCD4C7F9E86F660DA2E /* Pods-PokemonTests.debug.xcconfig */;
			buildSettings = {
				ALWAYS_EMBED_SWIFT_STANDARD_LIBRARIES = YES;
				BUNDLE_LOADER = "$(TEST_HOST)";
				CODE_SIGN_STYLE = Automatic;
				INFOPLIST_FILE = PokemonTests/Info.plist;
				LD_RUNPATH_SEARCH_PATHS = "$(inherited) @executable_path/Frameworks @loader_path/Frameworks";
				PRODUCT_BUNDLE_IDENTIFIER = com.Koto.PokemonTests;
				PRODUCT_NAME = "$(TARGET_NAME)";
				SWIFT_VERSION = 4.0;
				TARGETED_DEVICE_FAMILY = "1,2";
				TEST_HOST = "$(BUILT_PRODUCTS_DIR)/Pokemon.app/Pokemon";
			};
			name = Debug;
		};
		1E06F0DB2127562500231B66 /* Release */ = {
			isa = XCBuildConfiguration;
			baseConfigurationReference = 974514800F67BA8513FE0ED2 /* Pods-PokemonTests.release.xcconfig */;
			buildSettings = {
				ALWAYS_EMBED_SWIFT_STANDARD_LIBRARIES = YES;
				BUNDLE_LOADER = "$(TEST_HOST)";
				CODE_SIGN_STYLE = Automatic;
				INFOPLIST_FILE = PokemonTests/Info.plist;
				LD_RUNPATH_SEARCH_PATHS = "$(inherited) @executable_path/Frameworks @loader_path/Frameworks";
				PRODUCT_BUNDLE_IDENTIFIER = com.Koto.PokemonTests;
				PRODUCT_NAME = "$(TARGET_NAME)";
				SWIFT_VERSION = 4.0;
				TARGETED_DEVICE_FAMILY = "1,2";
				TEST_HOST = "$(BUILT_PRODUCTS_DIR)/Pokemon.app/Pokemon";
			};
			name = Release;
		};
		1E06F0DD2127562500231B66 /* Debug */ = {
			isa = XCBuildConfiguration;
			baseConfigurationReference = 03829A900CE44978AE75C994 /* Pods-PokemonUITests.debug.xcconfig */;
			buildSettings = {
				ALWAYS_EMBED_SWIFT_STANDARD_LIBRARIES = YES;
				CODE_SIGN_STYLE = Automatic;
				INFOPLIST_FILE = PokemonUITests/Info.plist;
				LD_RUNPATH_SEARCH_PATHS = "$(inherited) @executable_path/Frameworks @loader_path/Frameworks";
				PRODUCT_BUNDLE_IDENTIFIER = com.Koto.PokemonUITests;
				PRODUCT_NAME = "$(TARGET_NAME)";
				SWIFT_VERSION = 4.0;
				TARGETED_DEVICE_FAMILY = "1,2";
				TEST_TARGET_NAME = Pokemon;
			};
			name = Debug;
		};
		1E06F0DE2127562500231B66 /* Release */ = {
			isa = XCBuildConfiguration;
			baseConfigurationReference = 85565712B5DD35048DF61321 /* Pods-PokemonUITests.release.xcconfig */;
			buildSettings = {
				ALWAYS_EMBED_SWIFT_STANDARD_LIBRARIES = YES;
				CODE_SIGN_STYLE = Automatic;
				INFOPLIST_FILE = PokemonUITests/Info.plist;
				LD_RUNPATH_SEARCH_PATHS = "$(inherited) @executable_path/Frameworks @loader_path/Frameworks";
				PRODUCT_BUNDLE_IDENTIFIER = com.Koto.PokemonUITests;
				PRODUCT_NAME = "$(TARGET_NAME)";
				SWIFT_VERSION = 4.0;
				TARGETED_DEVICE_FAMILY = "1,2";
				TEST_TARGET_NAME = Pokemon;
			};
			name = Release;
		};
/* End XCBuildConfiguration section */

/* Begin XCConfigurationList section */
		1E06F0A92127562200231B66 /* Build configuration list for PBXProject "Pokemon" */ = {
			isa = XCConfigurationList;
			buildConfigurations = (
				1E06F0D42127562500231B66 /* Debug */,
				1E06F0D52127562500231B66 /* Release */,
			);
			defaultConfigurationIsVisible = 0;
			defaultConfigurationName = Release;
		};
		1E06F0D62127562500231B66 /* Build configuration list for PBXNativeTarget "Pokemon" */ = {
			isa = XCConfigurationList;
			buildConfigurations = (
				1E06F0D72127562500231B66 /* Debug */,
				1E06F0D82127562500231B66 /* Release */,
			);
			defaultConfigurationIsVisible = 0;
			defaultConfigurationName = Release;
		};
		1E06F0D92127562500231B66 /* Build configuration list for PBXNativeTarget "PokemonTests" */ = {
			isa = XCConfigurationList;
			buildConfigurations = (
				1E06F0DA2127562500231B66 /* Debug */,
				1E06F0DB2127562500231B66 /* Release */,
			);
			defaultConfigurationIsVisible = 0;
			defaultConfigurationName = Release;
		};
		1E06F0DC2127562500231B66 /* Build configuration list for PBXNativeTarget "PokemonUITests" */ = {
			isa = XCConfigurationList;
			buildConfigurations = (
				1E06F0DD2127562500231B66 /* Debug */,
				1E06F0DE2127562500231B66 /* Release */,
			);
			defaultConfigurationIsVisible = 0;
			defaultConfigurationName = Release;
		};
/* End XCConfigurationList section */
	};
	rootObject = 1E06F0A62127562200231B66 /* Project object */;
}
